<?xml version="1.0" encoding="utf-8"?>
<Project ToolsVersion="4.0" xmlns="http://schemas.microsoft.com/developer/msbuild/2003">
  <ItemGroup>
    <Filter Include="소스 파일">
      <UniqueIdentifier>{4FC737F1-C7A5-4376-A066-2A32D752A2FF}</UniqueIdentifier>
      <Extensions>cpp;c;cc;cxx;c++;cppm;ixx;def;odl;idl;hpj;bat;asm;asmx</Extensions>
    </Filter>
    <Filter Include="리소스 파일">
      <UniqueIdentifier>{67DA6AB6-F800-4c08-8B7A-83BB121AAD01}</UniqueIdentifier>
      <Extensions>rc;ico;cur;bmp;dlg;rc2;rct;bin;rgs;gif;jpg;jpeg;jpe;resx;tiff;tif;png;wav;mfcribbon-ms</Extensions>
    </Filter>
    <Filter Include="01. SceneMode">
      <UniqueIdentifier>{3e326f72-c98d-4f39-8cf3-5eab50bac787}</UniqueIdentifier>
    </Filter>
    <Filter Include="02. Object">
      <UniqueIdentifier>{c835ba0d-1a8c-45eb-a9a6-a9a005fdd931}</UniqueIdentifier>
    </Filter>
    <Filter Include="03. Animation2D">
      <UniqueIdentifier>{269655eb-ea83-458f-aebe-1f372126653e}</UniqueIdentifier>
    </Filter>
    <Filter Include="02. Object\수업듣기용">
      <UniqueIdentifier>{c3ee4a27-d3ad-493c-8202-b672dd91f7c6}</UniqueIdentifier>
    </Filter>
    <Filter Include="Effect">
      <UniqueIdentifier>{96b85ae0-6740-4410-b60b-87e342ea9af2}</UniqueIdentifier>
    </Filter>
    <Filter Include="02. Object\수업듣기용\UI">
      <UniqueIdentifier>{25615c8c-5362-42d7-a872-04a7f1ff0045}</UniqueIdentifier>
    </Filter>
    <Filter Include="03. Animation2D\StartScene">
      <UniqueIdentifier>{4162eb1b-6c9a-4dfb-a8dc-09a04ca95b44}</UniqueIdentifier>
    </Filter>
    <Filter Include="03. Animation2D\StartScene\Bird">
      <UniqueIdentifier>{7ba3cf4b-5249-448d-b0b5-e1b9eee0bc07}</UniqueIdentifier>
    </Filter>
    <Filter Include="02. Object\BackGround">
      <UniqueIdentifier>{61f0eb08-bbba-4e82-8d98-c4c17a14308e}</UniqueIdentifier>
    </Filter>
    <Filter Include="02. Object\임시오브젝트">
      <UniqueIdentifier>{212378bc-1725-4bea-a9ec-8d2e3b3737a0}</UniqueIdentifier>
    </Filter>
    <Filter Include="Status">
      <UniqueIdentifier>{62782876-f820-43b6-98b1-9e40320f2373}</UniqueIdentifier>
    </Filter>
    <Filter Include="Global">
      <UniqueIdentifier>{62e5cda9-4071-44e1-94bc-90003a9d0033}</UniqueIdentifier>
    </Filter>
    <Filter Include="02. Object\Item">
      <UniqueIdentifier>{2a96eaa4-6973-4d04-b1b8-dcadc9cd0309}</UniqueIdentifier>
    </Filter>
    <Filter Include="02. Object\Item\Weapon">
      <UniqueIdentifier>{d0bfe66f-c7c3-462b-a44d-e065a65fc07f}</UniqueIdentifier>
    </Filter>
    <Filter Include="02. Object\Enemy">
      <UniqueIdentifier>{b8a03d5e-c2fc-44e4-9f58-488b1e0235a1}</UniqueIdentifier>
    </Filter>
    <Filter Include="02. Object\Item\Weapon\ShortSword">
      <UniqueIdentifier>{131f9fbc-b758-4701-9ea2-5d9c85ee8b45}</UniqueIdentifier>
    </Filter>
    <Filter Include="02. Object\Item\Weapon\EnemyWeapon">
      <UniqueIdentifier>{8620f0dd-f792-4e04-935e-25b418f565c9}</UniqueIdentifier>
    </Filter>
    <Filter Include="02. Object\Item\Weapon\Revolver">
      <UniqueIdentifier>{52f6370c-7cbb-46c7-b068-65afc4c93b08}</UniqueIdentifier>
    </Filter>
    <Filter Include="02. Object\Bullet">
      <UniqueIdentifier>{109b848b-8c48-44d8-b6e7-868ff4f7311e}</UniqueIdentifier>
    </Filter>
    <Filter Include="02. Object\Item\Weapon\MetalBoomerang">
      <UniqueIdentifier>{9467faa2-0175-44e4-8c88-062d04b7abdb}</UniqueIdentifier>
    </Filter>
    <Filter Include="02. Object\Player">
      <UniqueIdentifier>{12d31ce6-b2bf-4546-aecb-e5b65a901f8b}</UniqueIdentifier>
    </Filter>
    <Filter Include="02. Object\수업듣기용\Effect">
      <UniqueIdentifier>{3c3f581b-f312-4741-98f7-c4fc65bf380e}</UniqueIdentifier>
    </Filter>
    <Filter Include="02. Object\수업듣기용\Object">
      <UniqueIdentifier>{97dcf54c-1e0b-4250-bc18-67b1b238bc52}</UniqueIdentifier>
    </Filter>
    <Filter Include="03. Animation2D\UI">
      <UniqueIdentifier>{787d6e5f-a996-4c42-bc30-b6680775432b}</UniqueIdentifier>
    </Filter>
    <Filter Include="헤더 파일">
      <UniqueIdentifier>{93995380-89BD-4b04-88EB-625FBE52EBFB}</UniqueIdentifier>
      <Extensions>h;hh;hpp;hxx;h++;hm;inl;inc;ipp;xsd</Extensions>
    </Filter>
    <Filter Include="02. Object\Enemy\SmallSkel">
      <UniqueIdentifier>{c36211c7-2b64-4daa-99d3-b3a0c37b7288}</UniqueIdentifier>
    </Filter>
    <Filter Include="02. Object\Enemy\Boss">
      <UniqueIdentifier>{3d822338-2c79-4826-93ae-ae4e421e61f7}</UniqueIdentifier>
    </Filter>
    <Filter Include="02. Object\Enemy\Boss\Belial">
      <UniqueIdentifier>{f9860b94-e649-4616-a9a8-15dbde0bdc95}</UniqueIdentifier>
    </Filter>
    <Filter Include="02. Object\Map">
      <UniqueIdentifier>{81ff974b-256f-424c-bcc2-b496e536fc0f}</UniqueIdentifier>
    </Filter>
    <Filter Include="Stage">
      <UniqueIdentifier>{9556f4e2-b438-42bc-9bd0-c79ad2c2197e}</UniqueIdentifier>
    </Filter>
    <Filter Include="03. Animation2D\FSM">
      <UniqueIdentifier>{2ec79c2b-b9c9-4c10-815d-a6b51fb16d85}</UniqueIdentifier>
    </Filter>
    <Filter Include="Component">
      <UniqueIdentifier>{6b172fc5-c6ff-4a15-955f-e39759af2bdb}</UniqueIdentifier>
    </Filter>
    <Filter Include="UI">
      <UniqueIdentifier>{45001236-4da5-4d2b-ab0a-77395daf7b28}</UniqueIdentifier>
    </Filter>
    <Filter Include="UI\World">
      <UniqueIdentifier>{10627bcc-a73a-47d1-95fd-4004b3763555}</UniqueIdentifier>
    </Filter>
    <Filter Include="UI\UI">
      <UniqueIdentifier>{8146b02a-fe0e-4fcc-a43a-24536e67edfd}</UniqueIdentifier>
    </Filter>
    <Filter Include="UI\UI\Mouse">
      <UniqueIdentifier>{b2d49b42-918b-4238-ad79-a89d11d3480a}</UniqueIdentifier>
    </Filter>
    <Filter Include="UI\UI\Widget">
      <UniqueIdentifier>{82598922-bda6-4e89-9110-a6055f621a2f}</UniqueIdentifier>
    </Filter>
    <Filter Include="UI\UI\WidgetWindow">
      <UniqueIdentifier>{6d2f1ca1-2e60-4603-b7e9-5d149460db30}</UniqueIdentifier>
    </Filter>
    <Filter Include="UI\UI\WidgetWindow\Ability">
      <UniqueIdentifier>{9893ff9d-4ce0-4db1-9710-803d06baf1e9}</UniqueIdentifier>
    </Filter>
    <Filter Include="UI\UI\WidgetWindow\Inventory">
      <UniqueIdentifier>{5894384b-857a-4572-8712-f1c5e2800fba}</UniqueIdentifier>
    </Filter>
    <Filter Include="UI\UI\WidgetWindow\BossUI">
      <UniqueIdentifier>{1ae272e4-6f06-4dce-992a-fbe32ec698fc}</UniqueIdentifier>
    </Filter>
    <Filter Include="02. Object\ObjectUI">
      <UniqueIdentifier>{87ba674e-780e-493e-97b7-fa4a6b9fc787}</UniqueIdentifier>
    </Filter>
    <Filter Include="02. Object\Enemy\Boss\Belial\Bullet">
      <UniqueIdentifier>{ba46342b-9af4-4121-b270-119a322c441d}</UniqueIdentifier>
    </Filter>
    <Filter Include="02. Object\Enemy\Boss\Belial\Weapon">
      <UniqueIdentifier>{f0fd5140-12ab-4c8e-b3e7-3915d209769a}</UniqueIdentifier>
    </Filter>
    <Filter Include="02. Object\Enemy\Boss\Belial\Laser">
      <UniqueIdentifier>{6c4f76cb-1979-424c-9621-5d251a8b250e}</UniqueIdentifier>
    </Filter>
    <Filter Include="02. Object\Enemy\Boss\Belial\Die">
      <UniqueIdentifier>{6249a996-e256-42c7-89be-b59cbbae5927}</UniqueIdentifier>
    </Filter>
    <Filter Include="02. Object\MapObject">
      <UniqueIdentifier>{5796c5a8-95b4-4820-b295-55b1d7bb8796}</UniqueIdentifier>
    </Filter>
    <Filter Include="02. Object\NPC">
      <UniqueIdentifier>{b6894723-db8b-47c6-bbcb-3f6dcbb086c0}</UniqueIdentifier>
    </Filter>
    <Filter Include="02. Object\Enemy\SmallSkel_Bow">
      <UniqueIdentifier>{f58f99b5-fc0f-402a-adba-147155bb3da5}</UniqueIdentifier>
    </Filter>
    <Filter Include="02. Object\EffectAndParticle">
      <UniqueIdentifier>{41311654-a96e-4b69-bdd5-02b4328f9b17}</UniqueIdentifier>
    </Filter>
    <Filter Include="02. Object\EffectAndParticle\ShortSwordEffect">
      <UniqueIdentifier>{55812950-e4c4-48c5-b574-95b8fafb0d8d}</UniqueIdentifier>
    </Filter>
    <Filter Include="02. Object\EffectAndParticle\ObjectDieEffectObject">
      <UniqueIdentifier>{b1d0d5ea-ec60-49cf-92f0-7e2acb67c3cf}</UniqueIdentifier>
    </Filter>
    <Filter Include="02. Object\EffectAndParticle\Boss">
      <UniqueIdentifier>{fbf9864c-8e34-413f-a3ca-d2b67c1f01d0}</UniqueIdentifier>
    </Filter>
    <Filter Include="02. Object\Enemy\Ghost">
      <UniqueIdentifier>{d634089b-b92e-415d-b123-b48c7b67c9fa}</UniqueIdentifier>
    </Filter>
    <Filter Include="02. Object\Enemy\Banshee">
      <UniqueIdentifier>{e0fa3655-c556-4f8a-9bb3-9ed03084a545}</UniqueIdentifier>
    </Filter>
    <Filter Include="02. Object\EffectAndParticle\Bullet">
      <UniqueIdentifier>{94008da7-bc74-4ba7-9bf5-81189f08593e}</UniqueIdentifier>
    </Filter>
    <Filter Include="02. Object\EffectAndParticle\Bullet\MetalBoomerangEffect">
      <UniqueIdentifier>{5061b24a-fd1f-4c32-80c1-6526c5e237ef}</UniqueIdentifier>
    </Filter>
    <Filter Include="02. Object\EffectAndParticle\Bullet\RevolverEffect">
      <UniqueIdentifier>{c5779b4c-b49c-431c-89fd-bdf9cb18ff63}</UniqueIdentifier>
    </Filter>
    <Filter Include="02. Object\EffectAndParticle\Bullet\BanShee">
      <UniqueIdentifier>{e42a6057-22e5-4d7d-9c19-289b65e779b9}</UniqueIdentifier>
    </Filter>
    <Filter Include="02. Object\Enemy\Giant_Red">
      <UniqueIdentifier>{7eee8ab2-7dd4-439d-92aa-e75348739174}</UniqueIdentifier>
    </Filter>
    <Filter Include="02. Object\EffectAndParticle\Bullet\Giant_Red">
      <UniqueIdentifier>{0a909868-8f07-43c4-a513-58b10f7578a3}</UniqueIdentifier>
    </Filter>
    <Filter Include="02. Object\Bullet\Giant_Red">
      <UniqueIdentifier>{a9c34489-1f86-4544-af37-7ff75f867645}</UniqueIdentifier>
    </Filter>
    <Filter Include="UI\UI\WidgetWindow\ShopUI">
      <UniqueIdentifier>{6faf6257-0685-4aa8-a5fc-81a0182474ab}</UniqueIdentifier>
    </Filter>
    <Filter Include="UI\UI\WidgetWindow\RestaurantUI">
      <UniqueIdentifier>{43ddd63d-7b4a-4968-a85a-70c72fb107c5}</UniqueIdentifier>
    </Filter>
    <Filter Include="UI\UI\WidgetWindow\FadeInout">
      <UniqueIdentifier>{35efe5c3-0c96-414a-bb39-c80cc96798ce}</UniqueIdentifier>
    </Filter>
    <Filter Include="02. Object\EffectAndParticle\Player">
      <UniqueIdentifier>{4d5262f7-c5c8-48f7-a20c-17bc4142a917}</UniqueIdentifier>
    </Filter>
    <Filter Include="02. Object\EffectAndParticle\Spawn">
      <UniqueIdentifier>{ba978d17-ae9a-42cf-b5c5-3c01e6e45247}</UniqueIdentifier>
    </Filter>
    <Filter Include="02. Object\MapObject\Door">
      <UniqueIdentifier>{71d15b00-50d9-4ea1-9e41-39415266a9ee}</UniqueIdentifier>
    </Filter>
    <Filter Include="02. Object\MapObject\Gold">
      <UniqueIdentifier>{75cf7d41-0a05-41c1-8249-09d4e4c03b2b}</UniqueIdentifier>
    </Filter>
    <Filter Include="02. Object\MapObject\Tresure">
      <UniqueIdentifier>{8c37fcec-8bc1-492a-a915-f1ecd493925c}</UniqueIdentifier>
    </Filter>
    <Filter Include="UI\UI\WidgetWindow\StatusUI">
      <UniqueIdentifier>{a0059c80-9c59-4652-abf5-522e18eca128}</UniqueIdentifier>
    </Filter>
    <Filter Include="UI\UI\WidgetWindow\PlayerUI">
      <UniqueIdentifier>{f232ab07-03f0-4df8-afda-de30f2d9fa1e}</UniqueIdentifier>
    </Filter>
    <Filter Include="UI\UI\WidgetWindow\Map">
      <UniqueIdentifier>{c8f1479d-6883-4166-8942-d65a0d76e997}</UniqueIdentifier>
    </Filter>
    <Filter Include="UI\UI\WidgetWindow\Map\MiniMap">
      <UniqueIdentifier>{ef4c5ab1-9b9d-48c4-a33f-008f0b0e8872}</UniqueIdentifier>
    </Filter>
    <Filter Include="02. Object\MapObject\Torch">
      <UniqueIdentifier>{5e31c50d-2107-47bb-bed1-d164c9680502}</UniqueIdentifier>
    </Filter>
    <Filter Include="02. Object\EndingObject">
      <UniqueIdentifier>{84980256-a039-4f38-bc78-ec5572e4f3e3}</UniqueIdentifier>
    </Filter>
    <Filter Include="UI\EndingUI">
      <UniqueIdentifier>{8fa0ecae-92a9-4e38-b637-cfb6487a798c}</UniqueIdentifier>
    </Filter>
  </ItemGroup>
  <ItemGroup>
    <ClCompile Include="main.cpp">
      <Filter>소스 파일</Filter>
    </ClCompile>
    <ClCompile Include="SceneMode\MainScene.cpp">
      <Filter>01. SceneMode</Filter>
    </ClCompile>
    <ClCompile Include="ClientManager.cpp">
      <Filter>소스 파일</Filter>
    </ClCompile>
    <ClCompile Include="TestWindow.cpp">
      <Filter>소스 파일</Filter>
    </ClCompile>
    <ClCompile Include="Object\DoorEffect.cpp">
      <Filter>Effect</Filter>
    </ClCompile>
    <ClCompile Include="Object\Stage1MapEffect.cpp">
      <Filter>Effect</Filter>
    </ClCompile>
    <ClCompile Include="Object\MainStageMapEffect.cpp">
      <Filter>Effect</Filter>
    </ClCompile>
    <ClCompile Include="SceneMode\StartScene.cpp">
      <Filter>01. SceneMode</Filter>
    </ClCompile>
    <ClCompile Include="UI\MainHUDWidget.cpp">
      <Filter>02. Object\수업듣기용\UI</Filter>
    </ClCompile>
    <ClCompile Include="Animation2D\BirdAnimation2D.cpp">
      <Filter>03. Animation2D\StartScene\Bird</Filter>
    </ClCompile>
    <ClCompile Include="SceneMode\TestMainScene.cpp">
      <Filter>01. SceneMode</Filter>
    </ClCompile>
    <ClCompile Include="Object\StartScene\BackGround.cpp">
      <Filter>02. Object\BackGround</Filter>
    </ClCompile>
    <ClCompile Include="Object\Cloud.cpp">
      <Filter>02. Object\BackGround</Filter>
    </ClCompile>
    <ClCompile Include="Object\StartScene\Bird.cpp">
      <Filter>02. Object\BackGround</Filter>
    </ClCompile>
    <ClCompile Include="Object\BackGround_Tree.cpp">
      <Filter>02. Object\BackGround</Filter>
    </ClCompile>
    <ClCompile Include="Object\CollisionObject.cpp">
      <Filter>02. Object\임시오브젝트</Filter>
    </ClCompile>
    <ClCompile Include="Object\EffectObject.cpp">
      <Filter>02. Object\EffectAndParticle</Filter>
    </ClCompile>
    <ClCompile Include="UI\PlayerWorldInfoWidget.cpp">
      <Filter>02. Object\수업듣기용\UI</Filter>
    </ClCompile>
    <ClCompile Include="BasicStatus.cpp">
      <Filter>Status</Filter>
    </ClCompile>
    <ClCompile Include="GlobalValue.cpp">
      <Filter>Global</Filter>
    </ClCompile>
    <ClCompile Include="Object\Item.cpp">
      <Filter>02. Object\Item</Filter>
    </ClCompile>
    <ClCompile Include="Object\Weapon.cpp">
      <Filter>02. Object\Item\Weapon</Filter>
    </ClCompile>
    <ClCompile Include="Object\Enemy.cpp">
      <Filter>02. Object\Enemy</Filter>
    </ClCompile>
    <ClCompile Include="Object\ShortSword.cpp">
      <Filter>02. Object\Item\Weapon\ShortSword</Filter>
    </ClCompile>
    <ClCompile Include="Object\SkelSmallDagger.cpp">
      <Filter>02. Object\Item\Weapon\EnemyWeapon</Filter>
    </ClCompile>
    <ClCompile Include="Object\EnemyAttack.cpp">
      <Filter>02. Object\Enemy</Filter>
    </ClCompile>
    <ClCompile Include="Object\Revolver.cpp">
      <Filter>02. Object\Item\Weapon\Revolver</Filter>
    </ClCompile>
    <ClCompile Include="Object\RevolverEffectObject.cpp">
      <Filter>02. Object\EffectAndParticle\Bullet\RevolverEffect</Filter>
    </ClCompile>
    <ClCompile Include="Object\ShortSwordEffectObject.cpp">
      <Filter>02. Object\EffectAndParticle\ShortSwordEffect</Filter>
    </ClCompile>
    <ClCompile Include="Object\MetalBoomerang.cpp">
      <Filter>02. Object\Item\Weapon\MetalBoomerang</Filter>
    </ClCompile>
    <ClCompile Include="Object\MetalBoomerangEffectObject.cpp">
      <Filter>02. Object\EffectAndParticle\Bullet\MetalBoomerangEffect</Filter>
    </ClCompile>
    <ClCompile Include="Object\ObjectDieEffectObject.cpp">
      <Filter>02. Object\EffectAndParticle\ObjectDieEffectObject</Filter>
    </ClCompile>
    <ClCompile Include="Object\Player.cpp">
      <Filter>02. Object\Player</Filter>
    </ClCompile>
    <ClCompile Include="Object\FlameEffect.cpp">
      <Filter>02. Object\수업듣기용\Effect</Filter>
    </ClCompile>
    <ClCompile Include="Object\Particle2D.cpp">
      <Filter>02. Object\수업듣기용\Effect</Filter>
    </ClCompile>
    <ClCompile Include="Object\Monster.cpp">
      <Filter>02. Object\수업듣기용\Object</Filter>
    </ClCompile>
    <ClCompile Include="Object\PixelCollisionTest.cpp">
      <Filter>02. Object\수업듣기용\Object</Filter>
    </ClCompile>
    <ClCompile Include="Object\Player2D.cpp">
      <Filter>02. Object\수업듣기용\Object</Filter>
    </ClCompile>
    <ClCompile Include="Object\Teemo.cpp">
      <Filter>02. Object\수업듣기용\Object</Filter>
    </ClCompile>
    <ClCompile Include="Object\TempBullet.cpp">
      <Filter>02. Object\수업듣기용\Object</Filter>
    </ClCompile>
    <ClCompile Include="Object\TestParticle.cpp">
      <Filter>02. Object\수업듣기용\Object</Filter>
    </ClCompile>
    <ClCompile Include="Animation2D\LifeWaveAnimation2D.cpp">
      <Filter>03. Animation2D\UI</Filter>
    </ClCompile>
    <ClCompile Include="UI\BasicMouse.cpp">
      <Filter>UI\UI\Mouse</Filter>
    </ClCompile>
    <ClCompile Include="UI\TitleWidget.cpp">
      <Filter>UI\UI\WidgetWindow</Filter>
    </ClCompile>
    <ClCompile Include="UI\InventoryButton.cpp">
      <Filter>UI\UI\Widget</Filter>
    </ClCompile>
    <ClCompile Include="SceneMode\LoadingScene.cpp">
      <Filter>01. SceneMode</Filter>
    </ClCompile>
    <ClCompile Include="UI\LoadingUI.cpp">
      <Filter>UI\UI\WidgetWindow</Filter>
    </ClCompile>
    <ClCompile Include="SceneMode\LoadingThread.cpp">
      <Filter>01. SceneMode</Filter>
    </ClCompile>
    <ClCompile Include="UI\AbilityWidget.cpp">
      <Filter>UI\UI\WidgetWindow\Ability</Filter>
    </ClCompile>
    <ClCompile Include="UI\AbilityWidget_Wrath.cpp">
      <Filter>UI\UI\WidgetWindow\Ability</Filter>
    </ClCompile>
    <ClCompile Include="UI\AbilityWidget_Arcane.cpp">
      <Filter>UI\UI\WidgetWindow\Ability</Filter>
    </ClCompile>
    <ClCompile Include="UI\AbilityWidget_Greed.cpp">
      <Filter>UI\UI\WidgetWindow\Ability</Filter>
    </ClCompile>
    <ClCompile Include="UI\AbilityWidget_Patience.cpp">
      <Filter>UI\UI\WidgetWindow\Ability</Filter>
    </ClCompile>
    <ClCompile Include="UI\AbilityWidget_Swiftness.cpp">
      <Filter>UI\UI\WidgetWindow\Ability</Filter>
    </ClCompile>
    <ClCompile Include="UI\Ability.cpp">
      <Filter>UI\UI\WidgetWindow\Ability</Filter>
    </ClCompile>
    <ClCompile Include="UI\Inventory.cpp">
      <Filter>UI\UI\WidgetWindow\Inventory</Filter>
    </ClCompile>
    <ClCompile Include="UI\ItemInfoWidget.cpp">
      <Filter>UI\UI\WidgetWindow\Inventory</Filter>
    </ClCompile>
    <ClCompile Include="PlayerStatus.cpp">
      <Filter>Status</Filter>
    </ClCompile>
    <ClCompile Include="Object\SmallSkel.cpp">
      <Filter>02. Object\Enemy\SmallSkel</Filter>
    </ClCompile>
    <ClCompile Include="Object\WeaponArm.cpp">
      <Filter>02. Object</Filter>
    </ClCompile>
    <ClCompile Include="UI\BossUI.cpp">
      <Filter>UI\UI\WidgetWindow\BossUI</Filter>
    </ClCompile>
    <ClCompile Include="UI\PlayerUI.cpp">
      <Filter>UI\UI\WidgetWindow\PlayerUI</Filter>
    </ClCompile>
    <ClCompile Include="Object\Belial.cpp">
      <Filter>02. Object\Enemy\Boss\Belial</Filter>
    </ClCompile>
    <ClCompile Include="Object\BelialHand.cpp">
      <Filter>02. Object\Enemy\Boss\Belial</Filter>
    </ClCompile>
    <ClCompile Include="Object\TestTileMap.cpp">
      <Filter>02. Object\Map</Filter>
    </ClCompile>
    <ClCompile Include="Stage\Stage.cpp">
      <Filter>Stage</Filter>
    </ClCompile>
    <ClCompile Include="Stage\StageManager.cpp">
      <Filter>Stage</Filter>
    </ClCompile>
    <ClCompile Include="UI\UIManager.cpp">
      <Filter>UI\UI\WidgetWindow</Filter>
    </ClCompile>
    <ClCompile Include="UI\EnemyWorldInfoWidget.cpp">
      <Filter>UI\World</Filter>
    </ClCompile>
    <ClCompile Include="WorldNumberEffect.cpp">
      <Filter>UI\World</Filter>
    </ClCompile>
    <ClCompile Include="Animation2D\Animation2D_FSM.cpp">
      <Filter>03. Animation2D\FSM</Filter>
    </ClCompile>
    <ClCompile Include="Object\SmallSkelFSM.cpp">
      <Filter>02. Object\Enemy\SmallSkel</Filter>
    </ClCompile>
    <ClCompile Include="Stage\Door.cpp">
      <Filter>02. Object\MapObject\Door</Filter>
    </ClCompile>
    <ClCompile Include="MoveComponent.cpp">
      <Filter>Component</Filter>
    </ClCompile>
    <ClCompile Include="UI\WeaponUI.cpp">
      <Filter>UI\UI\WidgetWindow\PlayerUI</Filter>
    </ClCompile>
    <ClCompile Include="Object\ProgressBarObject.cpp">
      <Filter>02. Object\ObjectUI</Filter>
    </ClCompile>
    <ClCompile Include="Object\KeyboardUIObject.cpp">
      <Filter>02. Object\ObjectUI</Filter>
    </ClCompile>
    <ClCompile Include="Object\MainDoor.cpp">
      <Filter>02. Object\MapObject\Door</Filter>
    </ClCompile>
    <ClCompile Include="UI\BossSpawnUI.cpp">
      <Filter>UI\UI\WidgetWindow\BossUI</Filter>
    </ClCompile>
    <ClCompile Include="Object\BelialBullet.cpp">
      <Filter>02. Object\Enemy\Boss\Belial\Bullet</Filter>
    </ClCompile>
    <ClCompile Include="Object\BelialWeapon.cpp">
      <Filter>02. Object\Enemy\Boss\Belial\Weapon</Filter>
    </ClCompile>
    <ClCompile Include="Object\BelialWeaponCharge.cpp">
      <Filter>02. Object\Enemy\Boss\Belial\Weapon</Filter>
    </ClCompile>
    <ClCompile Include="Object\BelialWeaponHit.cpp">
      <Filter>02. Object\Enemy\Boss\Belial\Weapon</Filter>
    </ClCompile>
    <ClCompile Include="Object\BelialBulletEffect.cpp">
      <Filter>02. Object\EffectAndParticle\Boss</Filter>
    </ClCompile>
    <ClCompile Include="Object\BelialLaserHead.cpp">
      <Filter>02. Object\Enemy\Boss\Belial\Laser</Filter>
    </ClCompile>
    <ClCompile Include="Object\BelialLaserBody.cpp">
      <Filter>02. Object\Enemy\Boss\Belial\Laser</Filter>
    </ClCompile>
    <ClCompile Include="UI\BossDieUI.cpp">
      <Filter>UI\UI\WidgetWindow\BossUI</Filter>
    </ClCompile>
    <ClCompile Include="Object\BossDieEffectStart.cpp">
      <Filter>02. Object\EffectAndParticle\Boss</Filter>
    </ClCompile>
    <ClCompile Include="Object\BossDieEffect.cpp">
      <Filter>02. Object\EffectAndParticle\Boss</Filter>
    </ClCompile>
    <ClCompile Include="Object\BossDieParticle.cpp">
      <Filter>02. Object\EffectAndParticle\Boss</Filter>
    </ClCompile>
    <ClCompile Include="Object\BelialDeadHead.cpp">
      <Filter>02. Object\Enemy\Boss\Belial\Die</Filter>
    </ClCompile>
    <ClCompile Include="Object\BelialDeadMouth.cpp">
      <Filter>02. Object\Enemy\Boss\Belial\Die</Filter>
    </ClCompile>
    <ClCompile Include="Object\HPFairy.cpp">
      <Filter>02. Object\MapObject</Filter>
    </ClCompile>
    <ClCompile Include="Object\PlayerInteractionCollision.cpp">
      <Filter>02. Object\Player</Filter>
    </ClCompile>
    <ClCompile Include="Object\RestaurantNPC.cpp">
      <Filter>02. Object\NPC</Filter>
    </ClCompile>
    <ClCompile Include="Object\ShopNPC.cpp">
      <Filter>02. Object\NPC</Filter>
    </ClCompile>
    <ClCompile Include="UI\ShopUI.cpp">
      <Filter>UI\UI\WidgetWindow\ShopUI</Filter>
    </ClCompile>
    <ClCompile Include="UI\ShopButton.cpp">
      <Filter>UI\UI\Widget</Filter>
    </ClCompile>
    <ClCompile Include="UI\ShopInfoWidget.cpp">
      <Filter>UI\UI\WidgetWindow\ShopUI</Filter>
    </ClCompile>
    <ClCompile Include="Object\SmallSkel_Bow.cpp">
      <Filter>02. Object\Enemy\SmallSkel_Bow</Filter>
    </ClCompile>
    <ClCompile Include="Object\SmallSkelBow.cpp">
      <Filter>02. Object\Item\Weapon\EnemyWeapon</Filter>
    </ClCompile>
    <ClCompile Include="Object\EnemyArrow.cpp">
      <Filter>02. Object\Bullet</Filter>
    </ClCompile>
    <ClCompile Include="Object\SmallSkel_Bow_FSM.cpp">
      <Filter>02. Object\Enemy\SmallSkel_Bow</Filter>
    </ClCompile>
    <ClCompile Include="Object\Ghost.cpp">
      <Filter>02. Object\Enemy\Ghost</Filter>
    </ClCompile>
    <ClCompile Include="Object\Ghost_FSM.cpp">
      <Filter>02. Object\Enemy\Ghost</Filter>
    </ClCompile>
    <ClCompile Include="Object\Banshee.cpp">
      <Filter>02. Object\Enemy\Banshee</Filter>
    </ClCompile>
    <ClCompile Include="Object\Banshee_FSM.cpp">
      <Filter>02. Object\Enemy\Banshee</Filter>
    </ClCompile>
    <ClCompile Include="Object\BansheeBullet.cpp">
      <Filter>02. Object\Bullet</Filter>
    </ClCompile>
    <ClCompile Include="Object\BansheeBulletFX.cpp">
      <Filter>02. Object\EffectAndParticle\Bullet\BanShee</Filter>
    </ClCompile>
    <ClCompile Include="Object\Giant_Red.cpp">
      <Filter>02. Object\Enemy\Giant_Red</Filter>
    </ClCompile>
    <ClCompile Include="Object\Giant_Red_FSM.cpp">
      <Filter>02. Object\Enemy\Giant_Red</Filter>
    </ClCompile>
    <ClCompile Include="Object\Giant_RedBullet.cpp">
      <Filter>02. Object\Bullet\Giant_Red</Filter>
    </ClCompile>
    <ClCompile Include="Object\Giant_RedBulletMain.cpp">
      <Filter>02. Object\Bullet\Giant_Red</Filter>
    </ClCompile>
    <ClCompile Include="Object\Giant_RedBulletFX.cpp">
      <Filter>02. Object\EffectAndParticle\Bullet\Giant_Red</Filter>
    </ClCompile>
    <ClCompile Include="ObjectStatusManager.cpp">
      <Filter>소스 파일</Filter>
    </ClCompile>
    <ClCompile Include="UI\TextWidget.cpp">
      <Filter>UI\World</Filter>
    </ClCompile>
    <ClCompile Include="Object\TextObject.cpp">
      <Filter>02. Object\ObjectUI</Filter>
    </ClCompile>
    <ClCompile Include="SceneMode\EndingScene.cpp">
      <Filter>01. SceneMode</Filter>
    </ClCompile>
    <ClCompile Include="UI\RestaurantUI.cpp">
      <Filter>UI\UI\WidgetWindow\RestaurantUI</Filter>
    </ClCompile>
    <ClCompile Include="UI\PlayerWorldWidget.cpp">
      <Filter>UI\World</Filter>
    </ClCompile>
    <ClCompile Include="Object\RevolverBullet.cpp">
      <Filter>02. Object\Bullet</Filter>
    </ClCompile>
    <ClCompile Include="Object\MetalBoomerangBullet.cpp">
      <Filter>02. Object\Bullet</Filter>
    </ClCompile>
    <ClCompile Include="UI\FadeInOutUI.cpp">
      <Filter>UI\UI\WidgetWindow\FadeInout</Filter>
    </ClCompile>
    <ClCompile Include="Object\PlayerDustEffect.cpp">
      <Filter>02. Object\EffectAndParticle\Player</Filter>
    </ClCompile>
    <ClCompile Include="Object\PlayerAttack.cpp">
      <Filter>02. Object\EffectAndParticle\Player</Filter>
    </ClCompile>
    <ClCompile Include="Object\PlayerDash.cpp">
      <Filter>02. Object\EffectAndParticle\Player</Filter>
    </ClCompile>
    <ClCompile Include="Object\PlayerFSM.cpp">
      <Filter>02. Object\Player</Filter>
    </ClCompile>
    <ClCompile Include="Object\Gold.cpp">
      <Filter>02. Object\MapObject\Gold</Filter>
    </ClCompile>
    <ClCompile Include="Object\GoldBullion.cpp">
      <Filter>02. Object\MapObject\Gold</Filter>
    </ClCompile>
    <ClCompile Include="Object\BasicTresure.cpp">
      <Filter>02. Object\MapObject\Tresure</Filter>
    </ClCompile>
    <ClCompile Include="Object\BossTresure.cpp">
      <Filter>02. Object\MapObject\Tresure</Filter>
    </ClCompile>
    <ClCompile Include="Object\SpawnEffect.cpp">
      <Filter>02. Object\EffectAndParticle\Spawn</Filter>
    </ClCompile>
    <ClCompile Include="UI\StatusUI.cpp">
      <Filter>UI\UI\WidgetWindow\StatusUI</Filter>
    </ClCompile>
    <ClCompile Include="UI\StageMap.cpp">
      <Filter>UI\UI\WidgetWindow\Map</Filter>
    </ClCompile>
    <ClCompile Include="UI\MiniMap.cpp">
      <Filter>UI\UI\WidgetWindow\Map\MiniMap</Filter>
    </ClCompile>
    <ClCompile Include="Object\BossTorchLight.cpp">
      <Filter>02. Object\MapObject\Torch</Filter>
    </ClCompile>
    <ClCompile Include="Object\TorchLight.cpp">
      <Filter>02. Object\MapObject\Torch</Filter>
    </ClCompile>
    <ClCompile Include="Object\EndingTerrain.cpp">
      <Filter>02. Object\EndingObject</Filter>
    </ClCompile>
    <ClCompile Include="Object\EndingPlayer.cpp">
      <Filter>02. Object\EndingObject</Filter>
    </ClCompile>
    <ClCompile Include="Object\EndingHorse.cpp">
      <Filter>02. Object\EndingObject</Filter>
    </ClCompile>
    <ClCompile Include="Object\EndingMountain.cpp">
      <Filter>02. Object\EndingObject</Filter>
    </ClCompile>
    <ClCompile Include="Object\EndingCloud.cpp">
      <Filter>02. Object\EndingObject</Filter>
    </ClCompile>
    <ClCompile Include="Object\EndingCamera.cpp">
      <Filter>02. Object\EndingObject</Filter>
    </ClCompile>
    <ClCompile Include="UI\EndingUI.cpp">
      <Filter>UI\EndingUI</Filter>
    </ClCompile>
    <ClCompile Include="UI\MiniMapWidget.cpp">
      <Filter>UI\UI\Widget</Filter>
    </ClCompile>
  </ItemGroup>
  <ItemGroup>
    <ClInclude Include="resource.h">
      <Filter>헤더 파일</Filter>
    </ClInclude>
    <ClInclude Include="SceneMode\MainScene.h">
      <Filter>01. SceneMode</Filter>
    </ClInclude>
    <ClInclude Include="ClientManager.h">
      <Filter>02. Object</Filter>
    </ClInclude>
    <ClInclude Include="TestWindow.h">
      <Filter>소스 파일</Filter>
    </ClInclude>
    <ClInclude Include="Object\DoorEffect.h">
      <Filter>Effect</Filter>
    </ClInclude>
    <ClInclude Include="Object\Stage1MapEffect.h">
      <Filter>Effect</Filter>
    </ClInclude>
    <ClInclude Include="Object\MainStageMapEffect.h">
      <Filter>Effect</Filter>
    </ClInclude>
    <ClInclude Include="SceneMode\StartScene.h">
      <Filter>01. SceneMode</Filter>
    </ClInclude>
    <ClInclude Include="UI\MainHUDWidget.h">
      <Filter>02. Object\수업듣기용\UI</Filter>
    </ClInclude>
    <ClInclude Include="Animation2D\BirdAnimation2D.h">
      <Filter>03. Animation2D\StartScene\Bird</Filter>
    </ClInclude>
    <ClInclude Include="SceneMode\TestMainScene.h">
      <Filter>01. SceneMode</Filter>
    </ClInclude>
    <ClInclude Include="Object\StartScene\BackGround.h">
      <Filter>02. Object\BackGround</Filter>
    </ClInclude>
    <ClInclude Include="Object\Cloud.h">
      <Filter>02. Object\BackGround</Filter>
    </ClInclude>
    <ClInclude Include="Object\StartScene\Bird.h">
      <Filter>02. Object\BackGround</Filter>
    </ClInclude>
    <ClInclude Include="Object\BackGround_Tree.h">
      <Filter>02. Object\BackGround</Filter>
    </ClInclude>
    <ClInclude Include="Object\CollisionObject.h">
      <Filter>02. Object\임시오브젝트</Filter>
    </ClInclude>
    <ClInclude Include="Object\EffectObject.h">
      <Filter>02. Object\EffectAndParticle</Filter>
    </ClInclude>
    <ClInclude Include="UI\PlayerWorldInfoWidget.h">
      <Filter>02. Object\수업듣기용\UI</Filter>
    </ClInclude>
    <ClInclude Include="BasicStatus.h">
      <Filter>Status</Filter>
    </ClInclude>
    <ClInclude Include="GlobalValue.h">
      <Filter>Global</Filter>
    </ClInclude>
    <ClInclude Include="Object\Item.h">
      <Filter>02. Object\Item</Filter>
    </ClInclude>
    <ClInclude Include="Object\Weapon.h">
      <Filter>02. Object\Item\Weapon</Filter>
    </ClInclude>
    <ClInclude Include="Object\Enemy.h">
      <Filter>02. Object\Enemy</Filter>
    </ClInclude>
    <ClInclude Include="Object\ShortSword.h">
      <Filter>02. Object\Item\Weapon\ShortSword</Filter>
    </ClInclude>
    <ClInclude Include="Object\SkelSmallDagger.h">
      <Filter>02. Object\Item\Weapon\EnemyWeapon</Filter>
    </ClInclude>
    <ClInclude Include="Object\EnemyAttack.h">
      <Filter>02. Object\Enemy</Filter>
    </ClInclude>
    <ClInclude Include="Object\Revolver.h">
      <Filter>02. Object\Item\Weapon\Revolver</Filter>
    </ClInclude>
    <ClInclude Include="Object\RevolverEffectObject.h">
      <Filter>02. Object\EffectAndParticle\Bullet\RevolverEffect</Filter>
    </ClInclude>
    <ClInclude Include="Object\ShortSwordEffectObject.h">
      <Filter>02. Object\EffectAndParticle\ShortSwordEffect</Filter>
    </ClInclude>
    <ClInclude Include="Object\MetalBoomerang.h">
      <Filter>02. Object\Item\Weapon\MetalBoomerang</Filter>
    </ClInclude>
    <ClInclude Include="Object\MetalBoomerangEffectObject.h">
      <Filter>02. Object\EffectAndParticle\Bullet\MetalBoomerangEffect</Filter>
    </ClInclude>
    <ClInclude Include="Object\ObjectDieEffectObject.h">
      <Filter>02. Object\EffectAndParticle\ObjectDieEffectObject</Filter>
    </ClInclude>
    <ClInclude Include="Object\Player.h">
      <Filter>02. Object\Player</Filter>
    </ClInclude>
    <ClInclude Include="Object\FlameEffect.h">
      <Filter>02. Object\수업듣기용\Effect</Filter>
    </ClInclude>
    <ClInclude Include="Object\Particle2D.h">
      <Filter>02. Object\수업듣기용\Effect</Filter>
    </ClInclude>
    <ClInclude Include="Object\Monster.h">
      <Filter>02. Object\수업듣기용\Object</Filter>
    </ClInclude>
    <ClInclude Include="Object\PixelCollisionTest.h">
      <Filter>02. Object\수업듣기용\Object</Filter>
    </ClInclude>
    <ClInclude Include="Object\Player2D.h">
      <Filter>02. Object\수업듣기용\Object</Filter>
    </ClInclude>
    <ClInclude Include="Object\Teemo.h">
      <Filter>02. Object\수업듣기용\Object</Filter>
    </ClInclude>
    <ClInclude Include="Object\TempBullet.h">
      <Filter>02. Object\수업듣기용\Object</Filter>
    </ClInclude>
    <ClInclude Include="Object\TestParticle.h">
      <Filter>02. Object\수업듣기용\Object</Filter>
    </ClInclude>
    <ClInclude Include="Animation2D\LifeWaveAnimation2D.h">
      <Filter>03. Animation2D\UI</Filter>
    </ClInclude>
    <ClInclude Include="UI\BasicMouse.h">
      <Filter>UI\UI\Mouse</Filter>
    </ClInclude>
    <ClInclude Include="UI\TitleWidget.h">
      <Filter>UI\UI\WidgetWindow</Filter>
    </ClInclude>
    <ClInclude Include="UI\InventoryButton.h">
      <Filter>UI\UI\Widget</Filter>
    </ClInclude>
    <ClInclude Include="SceneMode\LoadingScene.h">
      <Filter>01. SceneMode</Filter>
    </ClInclude>
    <ClInclude Include="UI\LoadingUI.h">
      <Filter>UI\UI\WidgetWindow</Filter>
    </ClInclude>
    <ClInclude Include="SceneMode\LoadingThread.h">
      <Filter>01. SceneMode</Filter>
    </ClInclude>
    <ClInclude Include="UI\AbilityWidget.h">
      <Filter>UI\UI\WidgetWindow\Ability</Filter>
    </ClInclude>
    <ClInclude Include="UI\Ability.h">
      <Filter>UI\UI\WidgetWindow\Ability</Filter>
    </ClInclude>
    <ClInclude Include="UI\Inventory.h">
      <Filter>UI\UI\WidgetWindow\Inventory</Filter>
    </ClInclude>
    <ClInclude Include="UI\ItemInfoWidget.h">
      <Filter>UI\UI\WidgetWindow\Inventory</Filter>
    </ClInclude>
    <ClInclude Include="UI\AbilityWidget_Arcane.h">
      <Filter>UI\UI\WidgetWindow\Ability</Filter>
    </ClInclude>
    <ClInclude Include="UI\AbilityWidget_Greed.h">
      <Filter>UI\UI\WidgetWindow\Ability</Filter>
    </ClInclude>
    <ClInclude Include="UI\AbilityWidget_Patience.h">
      <Filter>UI\UI\WidgetWindow\Ability</Filter>
    </ClInclude>
    <ClInclude Include="UI\AbilityWidget_Swiftness.h">
      <Filter>UI\UI\WidgetWindow\Ability</Filter>
    </ClInclude>
    <ClInclude Include="UI\AbilityWidget_Wrath.h">
      <Filter>UI\UI\WidgetWindow\Ability</Filter>
    </ClInclude>
    <ClInclude Include="PlayerStatus.h">
      <Filter>Status</Filter>
    </ClInclude>
    <ClInclude Include="Object\SmallSkel.h">
      <Filter>02. Object\Enemy\SmallSkel</Filter>
    </ClInclude>
    <ClInclude Include="Object\WeaponArm.h">
      <Filter>02. Object</Filter>
    </ClInclude>
    <ClInclude Include="UI\BossUI.h">
      <Filter>UI\UI\WidgetWindow\BossUI</Filter>
    </ClInclude>
    <ClInclude Include="UI\PlayerUI.h">
      <Filter>UI\UI\WidgetWindow\PlayerUI</Filter>
    </ClInclude>
    <ClInclude Include="Object\Belial.h">
      <Filter>02. Object\Enemy\Boss\Belial</Filter>
    </ClInclude>
    <ClInclude Include="Object\BelialHand.h">
      <Filter>02. Object\Enemy\Boss\Belial</Filter>
    </ClInclude>
    <ClInclude Include="Object\TestTileMap.h">
      <Filter>02. Object\Map</Filter>
    </ClInclude>
    <ClInclude Include="Stage\Stage.h">
      <Filter>Stage</Filter>
    </ClInclude>
    <ClInclude Include="Stage\StageManager.h">
      <Filter>Stage</Filter>
    </ClInclude>
    <ClInclude Include="UI\UIManager.h">
      <Filter>UI\UI\WidgetWindow</Filter>
    </ClInclude>
    <ClInclude Include="UI\EnemyWorldInfoWidget.h">
      <Filter>UI\World</Filter>
    </ClInclude>
    <ClInclude Include="WorldNumberEffect.h">
      <Filter>UI\World</Filter>
    </ClInclude>
    <ClInclude Include="Animation2D\Animation2D_FSM.h">
      <Filter>03. Animation2D\FSM</Filter>
    </ClInclude>
    <ClInclude Include="Stage\Door.h">
      <Filter>02. Object\MapObject\Door</Filter>
    </ClInclude>
    <ClInclude Include="MoveComponent.h">
      <Filter>Component</Filter>
    </ClInclude>
    <ClInclude Include="UI\WeaponUI.h">
      <Filter>UI\UI\WidgetWindow\PlayerUI</Filter>
    </ClInclude>
    <ClInclude Include="Object\ProgressBarObject.h">
      <Filter>02. Object\ObjectUI</Filter>
    </ClInclude>
    <ClInclude Include="Object\KeyboardUIObject.h">
      <Filter>02. Object\ObjectUI</Filter>
    </ClInclude>
    <ClInclude Include="Object\MainDoor.h">
      <Filter>02. Object\MapObject\Door</Filter>
    </ClInclude>
    <ClInclude Include="UI\BossSpawnUI.h">
      <Filter>UI\UI\WidgetWindow\BossUI</Filter>
    </ClInclude>
    <ClInclude Include="Object\BelialBullet.h">
      <Filter>02. Object\Enemy\Boss\Belial\Bullet</Filter>
    </ClInclude>
    <ClInclude Include="Object\BelialWeapon.h">
      <Filter>02. Object\Enemy\Boss\Belial\Weapon</Filter>
    </ClInclude>
    <ClInclude Include="Object\BelialWeaponCharge.h">
      <Filter>02. Object\Enemy\Boss\Belial\Weapon</Filter>
    </ClInclude>
    <ClInclude Include="Object\BelialWeaponHit.h">
      <Filter>02. Object\Enemy\Boss\Belial\Weapon</Filter>
    </ClInclude>
    <ClInclude Include="Object\BelialBulletEffect.h">
      <Filter>02. Object\EffectAndParticle\Boss</Filter>
    </ClInclude>
    <ClInclude Include="Object\BelialLaserHead.h">
      <Filter>02. Object\Enemy\Boss\Belial\Laser</Filter>
    </ClInclude>
    <ClInclude Include="Object\BelialLaserBody.h">
      <Filter>02. Object\Enemy\Boss\Belial\Laser</Filter>
    </ClInclude>
    <ClInclude Include="UI\BossDieUI.h">
      <Filter>UI\UI\WidgetWindow\BossUI</Filter>
    </ClInclude>
    <ClInclude Include="Object\BossDieEffectStart.h">
      <Filter>02. Object\EffectAndParticle\Boss</Filter>
    </ClInclude>
    <ClInclude Include="Object\BossDieEffect.h">
      <Filter>02. Object\EffectAndParticle\Boss</Filter>
    </ClInclude>
    <ClInclude Include="Object\BossDieParticle.h">
      <Filter>02. Object\EffectAndParticle\Boss</Filter>
    </ClInclude>
    <ClInclude Include="Object\BelialDeadHead.h">
      <Filter>02. Object\Enemy\Boss\Belial\Die</Filter>
    </ClInclude>
    <ClInclude Include="Object\BelialDeadMouth.h">
      <Filter>02. Object\Enemy\Boss\Belial\Die</Filter>
    </ClInclude>
    <ClInclude Include="Object\HPFairy.h">
      <Filter>02. Object\MapObject</Filter>
    </ClInclude>
    <ClInclude Include="Object\PlayerInteractionCollision.h">
      <Filter>02. Object\Player</Filter>
    </ClInclude>
    <ClInclude Include="Object\RestaurantNPC.h">
      <Filter>02. Object\NPC</Filter>
    </ClInclude>
    <ClInclude Include="Object\ShopNPC.h">
      <Filter>02. Object\NPC</Filter>
    </ClInclude>
    <ClInclude Include="UI\ShopUI.h">
      <Filter>UI\UI\WidgetWindow\ShopUI</Filter>
    </ClInclude>
    <ClInclude Include="UI\ShopButton.h">
      <Filter>UI\UI\Widget</Filter>
    </ClInclude>
    <ClInclude Include="UI\ShopInfoWidget.h">
      <Filter>UI\UI\WidgetWindow\ShopUI</Filter>
    </ClInclude>
    <ClInclude Include="Object\SmallSkel_Bow.h">
      <Filter>02. Object\Enemy\SmallSkel_Bow</Filter>
    </ClInclude>
    <ClInclude Include="Object\SmallSkelBow.h">
      <Filter>02. Object\Item\Weapon\EnemyWeapon</Filter>
    </ClInclude>
    <ClInclude Include="Object\EnemyArrow.h">
      <Filter>02. Object\Bullet</Filter>
    </ClInclude>
    <ClInclude Include="Object\Ghost.h">
      <Filter>02. Object\Enemy\Ghost</Filter>
    </ClInclude>
    <ClInclude Include="Object\Banshee.h">
      <Filter>02. Object\Enemy\Banshee</Filter>
    </ClInclude>
    <ClInclude Include="Object\BansheeBullet.h">
      <Filter>02. Object\Bullet</Filter>
    </ClInclude>
    <ClInclude Include="Object\BansheeBulletFX.h">
      <Filter>02. Object\EffectAndParticle\Bullet\BanShee</Filter>
    </ClInclude>
    <ClInclude Include="Object\Giant_Red.h">
      <Filter>02. Object\Enemy\Giant_Red</Filter>
    </ClInclude>
    <ClInclude Include="Object\Giant_RedBullet.h">
      <Filter>02. Object\Bullet\Giant_Red</Filter>
    </ClInclude>
    <ClInclude Include="Object\Giant_RedBulletMain.h">
      <Filter>02. Object\Bullet\Giant_Red</Filter>
    </ClInclude>
    <ClInclude Include="Object\Giant_RedBulletFX.h">
      <Filter>02. Object\EffectAndParticle\Bullet\Giant_Red</Filter>
    </ClInclude>
    <ClInclude Include="ObjectStatusManager.h">
      <Filter>헤더 파일</Filter>
    </ClInclude>
    <ClInclude Include="UI\TextWidget.h">
      <Filter>UI\World</Filter>
    </ClInclude>
    <ClInclude Include="Object\TextObject.h">
      <Filter>02. Object\ObjectUI</Filter>
    </ClInclude>
    <ClInclude Include="SceneMode\EndingScene.h">
      <Filter>01. SceneMode</Filter>
    </ClInclude>
    <ClInclude Include="UI\RestaurantUI.h">
      <Filter>UI\UI\WidgetWindow\RestaurantUI</Filter>
    </ClInclude>
    <ClInclude Include="UI\PlayerWorldWidget.h">
      <Filter>UI\World</Filter>
    </ClInclude>
    <ClInclude Include="Object\MetalBoomerangBullet.h">
      <Filter>02. Object\Bullet</Filter>
    </ClInclude>
    <ClInclude Include="Object\RevolverBullet.h">
      <Filter>02. Object\Bullet</Filter>
    </ClInclude>
    <ClInclude Include="UI\FadeInOutUI.h">
      <Filter>UI\UI\WidgetWindow\FadeInout</Filter>
    </ClInclude>
    <ClInclude Include="Object\PlayerDustEffect.h">
      <Filter>02. Object\EffectAndParticle\Player</Filter>
    </ClInclude>
    <ClInclude Include="Object\PlayerDash.h">
      <Filter>02. Object\EffectAndParticle\Player</Filter>
    </ClInclude>
    <ClInclude Include="Object\PlayerAttack.h">
      <Filter>02. Object\EffectAndParticle\Player</Filter>
    </ClInclude>
    <ClInclude Include="Object\Gold.h">
      <Filter>02. Object\MapObject\Gold</Filter>
    </ClInclude>
    <ClInclude Include="Object\GoldBullion.h">
      <Filter>02. Object\MapObject\Gold</Filter>
    </ClInclude>
    <ClInclude Include="Object\BasicTresure.h">
      <Filter>02. Object\MapObject\Tresure</Filter>
    </ClInclude>
    <ClInclude Include="Object\BossTresure.h">
      <Filter>02. Object\MapObject\Tresure</Filter>
    </ClInclude>
    <ClInclude Include="Object\SpawnEffect.h">
      <Filter>02. Object\EffectAndParticle\Spawn</Filter>
    </ClInclude>
    <ClInclude Include="UI\StatusUI.h">
      <Filter>UI\UI\WidgetWindow\StatusUI</Filter>
    </ClInclude>
    <ClInclude Include="UI\StageMap.h">
      <Filter>UI\UI\WidgetWindow\Map</Filter>
    </ClInclude>
    <ClInclude Include="UI\MiniMap.h">
      <Filter>UI\UI\WidgetWindow\Map\MiniMap</Filter>
    </ClInclude>
    <ClInclude Include="Object\BossTorchLight.h">
      <Filter>02. Object\MapObject\Torch</Filter>
    </ClInclude>
    <ClInclude Include="Object\TorchLight.h">
      <Filter>02. Object\MapObject\Torch</Filter>
    </ClInclude>
    <ClInclude Include="Object\EndingTerrain.h">
      <Filter>02. Object\EndingObject</Filter>
    </ClInclude>
    <ClInclude Include="Object\EndingHorse.h">
      <Filter>02. Object\EndingObject</Filter>
    </ClInclude>
    <ClInclude Include="Object\EndingPlayer.h">
      <Filter>02. Object\EndingObject</Filter>
    </ClInclude>
    <ClInclude Include="Object\EndingMountain.h">
      <Filter>02. Object\EndingObject</Filter>
    </ClInclude>
    <ClInclude Include="Object\EndingCloud.h">
      <Filter>02. Object\EndingObject</Filter>
    </ClInclude>
    <ClInclude Include="Object\EndingCamera.h">
      <Filter>02. Object\EndingObject</Filter>
    </ClInclude>
    <ClInclude Include="UI\EndingUI.h">
      <Filter>UI\EndingUI</Filter>
    </ClInclude>
    <ClInclude Include="UI\MiniMapWidget.h">
      <Filter>UI\UI\Widget</Filter>
    </ClInclude>
  </ItemGroup>
  <ItemGroup>
    <ResourceCompile Include="Client2D.rc">
      <Filter>리소스 파일</Filter>
    </ResourceCompile>
  </ItemGroup>
  <ItemGroup>
    <Image Include="icon1.ico">
      <Filter>리소스 파일</Filter>
    </Image>
  </ItemGroup>
</Project>